<Solution>
  <Folder Name="/Solution Items/">
    <File Path="Arch.md" />
    <File Path="ArchProj.md" />
  </Folder>
  <Folder Name="/Solution Items/Screenshots/">
    <File Path="Screenshots/AccountOptions.png" />
    <File Path="Screenshots/Chart.png" />
    <File Path="Screenshots/DeviceAccountPage.png" />
    <File Path="Screenshots/DeviceTelemetryPage.png" />
    <File Path="Screenshots/DeviceWifiTab.png" />
    <File Path="Screenshots/IoT-Device.png" />
    <File Path="Screenshots/Login.png" />
    <File Path="Screenshots/MainDeviceMobilePage.png" />
    <File Path="Screenshots/MainDevicePage.png" />
    <File Path="Screenshots/MainPage.png" />
    <File Path="Screenshots/ProfileCreated.png" />
    <File Path="Screenshots/ProfileCreation.png" />
    <File Path="Screenshots/Registration.png" />
  </Folder>
  <Project Path="AWPS.Core.Infrastructure/AWPS.Core.Infrastructure.csproj" />
  <Project Path="AWPS.Deploy/AWPS.Deploy.AppHost/AWPS.Deploy.AppHost.csproj" Id="0da1c1a2-9a4d-4a8f-9d2d-2d4362baea20" />
  <Project Path="AWPS.Deploy/AWPS.Deploy.ServiceDefaults/AWPS.Deploy.ServiceDefaults.csproj" />
  <Project Path="AWPS.IoT.Server/AWPS.IoT.Server.csproj" />
  <Project Path="AWPS.IoT/AWPS.IoT.nfproj" Type="11a8dd76-328b-46df-9f39-f559912d0360">
    <Deploy />
  </Project>
  <Project Path="AWPS.UI/AWPS.UI.Shared/AWPS.UI.Shared.csproj" Id="e55cbd57-ee1e-438b-b57a-907c8e57bf80" />
  <Project Path="AWPS.UI/AWPS.UI.Web.Client/AWPS.UI.Web.Client.csproj" Id="1310e874-b746-4de4-b960-a4bb6ff9a6d8" />
  <Project Path="AWPS.UI/AWPS.UI.Web/AWPS.UI.Web.csproj" Id="7ebe1e28-b876-4b25-9f02-766215145d2b" />
  <Project Path="AWPS.UI/AWPS.UI/AWPS.UI.csproj" Id="0b68fde3-d5c0-49f4-9dcc-59dff8ce8ce6">
    <Deploy Solution="Debug|*" />
  </Project>
</Solution>
